
Microsoft Visual Studio Solution File, Format Version 12.00
# Visual Studio Version 17
VisualStudioVersion = 17.14.36511.14 d17.14
MinimumVisualStudioVersion = 10.0.40219.1
Project("{FAE04EC0-301F-11D3-BF4B-00C04F79EFBC}") = "ACD LAB 5", "ACD LAB 5.csproj", "{3D061C0C-3F89-4C73-8A75-87C815DB1F38}"
EndProject
Global
	GlobalSection(SolutionConfigurationPlatforms) = preSolution
		Debug|Any CPU = Debug|Any CPU
		Release|Any CPU = Release|Any CPU
	EndGlobalSection
	GlobalSection(ProjectConfigurationPlatforms) = postSolution
		{3D061C0C-3F89-4C73-8A75-87C815DB1F38}.Debug|Any CPU.ActiveCfg = Debug|Any CPU
		{3D061C0C-3F89-4C73-8A75-87C815DB1F38}.Debug|Any CPU.Build.0 = Debug|Any CPU
		{3D061C0C-3F89-4C73-8A75-87C815DB1F38}.Release|Any CPU.ActiveCfg = Release|Any CPU
		{3D061C0C-3F89-4C73-8A75-87C815DB1F38}.Release|Any CPU.Build.0 = Release|Any CPU
	EndGlobalSection
	GlobalSection(SolutionProperties) = preSolution
		HideSolutionNode = FALSE
	EndGlobalSection
	GlobalSection(ExtensibilityGlobals) = postSolution
		SolutionGuid = {63752A70-9CE8-4B28-B799-DD36040C78F3}
	EndGlobalSection
EndGlobal
