
Microsoft Visual Studio Solution File, Format Version 12.00
# Visual Studio Version 17
VisualStudioVersion = 17.14.36511.14 d17.14
MinimumVisualStudioVersion = 10.0.40219.1
Project("{FAE04EC0-301F-11D3-BF4B-00C04F79EFBC}") = "OOP(LAB - 4) - 4", "OOP(LAB - 4) - 4.csproj", "{91B0B990-8D35-4DA1-AF77-3F68CB44D72C}"
EndProject
Global
	GlobalSection(SolutionConfigurationPlatforms) = preSolution
		Debug|Any CPU = Debug|Any CPU
		Release|Any CPU = Release|Any CPU
	EndGlobalSection
	GlobalSection(ProjectConfigurationPlatforms) = postSolution
		{91B0B990-8D35-4DA1-AF77-3F68CB44D72C}.Debug|Any CPU.ActiveCfg = Debug|Any CPU
		{91B0B990-8D35-4DA1-AF77-3F68CB44D72C}.Debug|Any CPU.Build.0 = Debug|Any CPU
		{91B0B990-8D35-4DA1-AF77-3F68CB44D72C}.Release|Any CPU.ActiveCfg = Release|Any CPU
		{91B0B990-8D35-4DA1-AF77-3F68CB44D72C}.Release|Any CPU.Build.0 = Release|Any CPU
	EndGlobalSection
	GlobalSection(SolutionProperties) = preSolution
		HideSolutionNode = FALSE
	EndGlobalSection
	GlobalSection(ExtensibilityGlobals) = postSolution
		SolutionGuid = {0205446E-1DD6-4927-B4A3-2A5B5BF6FA15}
	EndGlobalSection
EndGlobal
