
Microsoft Visual Studio Solution File, Format Version 12.00
# Visual Studio Version 17
VisualStudioVersion = 17.14.36511.14 d17.14
MinimumVisualStudioVersion = 10.0.40219.1
Project("{FAE04EC0-301F-11D3-BF4B-00C04F79EFBC}") = "OOP(LAB - 4) - 1", "OOP(LAB - 4) - 1.csproj", "{721142D3-C80D-49AC-84C8-F65C65603F94}"
EndProject
Global
	GlobalSection(SolutionConfigurationPlatforms) = preSolution
		Debug|Any CPU = Debug|Any CPU
		Release|Any CPU = Release|Any CPU
	EndGlobalSection
	GlobalSection(ProjectConfigurationPlatforms) = postSolution
		{721142D3-C80D-49AC-84C8-F65C65603F94}.Debug|Any CPU.ActiveCfg = Debug|Any CPU
		{721142D3-C80D-49AC-84C8-F65C65603F94}.Debug|Any CPU.Build.0 = Debug|Any CPU
		{721142D3-C80D-49AC-84C8-F65C65603F94}.Release|Any CPU.ActiveCfg = Release|Any CPU
		{721142D3-C80D-49AC-84C8-F65C65603F94}.Release|Any CPU.Build.0 = Release|Any CPU
	EndGlobalSection
	GlobalSection(SolutionProperties) = preSolution
		HideSolutionNode = FALSE
	EndGlobalSection
	GlobalSection(ExtensibilityGlobals) = postSolution
		SolutionGuid = {49BAB27C-5792-4780-8A0B-1C2A43F59CDF}
	EndGlobalSection
EndGlobal
